
Microsoft Visual Studio Solution File, Format Version 12.00
# Visual Studio Version 17
VisualStudioVersion = 17.3.32922.545
MinimumVisualStudioVersion = 10.0.40219.1
Project("{FAE04EC0-301F-11D3-BF4B-00C04F79EFBC}") = "Iskola", "Iskola\Iskola.csproj", "{8F2910D2-3C9B-4DD2-A4EF-13F50CF27DBE}"
EndProject
Global
	GlobalSection(SolutionConfigurationPlatforms) = preSolution
		Debug|Any CPU = Debug|Any CPU
		Release|Any CPU = Release|Any CPU
	EndGlobalSection
	GlobalSection(ProjectConfigurationPlatforms) = postSolution
		{8F2910D2-3C9B-4DD2-A4EF-13F50CF27DBE}.Debug|Any CPU.ActiveCfg = Debug|Any CPU
		{8F2910D2-3C9B-4DD2-A4EF-13F50CF27DBE}.Debug|Any CPU.Build.0 = Debug|Any CPU
		{8F2910D2-3C9B-4DD2-A4EF-13F50CF27DBE}.Release|Any CPU.ActiveCfg = Release|Any CPU
		{8F2910D2-3C9B-4DD2-A4EF-13F50CF27DBE}.Release|Any CPU.Build.0 = Release|Any CPU
	EndGlobalSection
	GlobalSection(SolutionProperties) = preSolution
		HideSolutionNode = FALSE
	EndGlobalSection
	GlobalSection(ExtensibilityGlobals) = postSolution
		SolutionGuid = {42379A95-6DD0-44B5-BA84-F9F9229C72B2}
	EndGlobalSection
EndGlobal
